// !$*UTF8*$!
{
	archiveVersion = 1;
	classes = {
	};
	objectVersion = 46;
	objects = {

/* Begin PBXBuildFile section */
		241CEC8E18B0E44100B1AAC1 /* Foundation.framework in Frameworks */ = {isa = PBXBuildFile; fileRef = 241CEC8D18B0E44100B1AAC1 /* Foundation.framework */; };
		241CEC9018B0E44100B1AAC1 /* CoreGraphics.framework in Frameworks */ = {isa = PBXBuildFile; fileRef = 241CEC8F18B0E44100B1AAC1 /* CoreGraphics.framework */; };
		241CEC9218B0E44100B1AAC1 /* UIKit.framework in Frameworks */ = {isa = PBXBuildFile; fileRef = 241CEC9118B0E44100B1AAC1 /* UIKit.framework */; };
		241CEC9818B0E44200B1AAC1 /* InfoPlist.strings in Resources */ = {isa = PBXBuildFile; fileRef = 241CEC9618B0E44200B1AAC1 /* InfoPlist.strings */; };
		241CEC9A18B0E44200B1AAC1 /* main.m in Sources */ = {isa = PBXBuildFile; fileRef = 241CEC9918B0E44200B1AAC1 /* main.m */; };
		241CEC9E18B0E44200B1AAC1 /* PBAppDelegate.m in Sources */ = {isa = PBXBuildFile; fileRef = 241CEC9D18B0E44200B1AAC1 /* PBAppDelegate.m */; };
		241CECA118B0E44200B1AAC1 /* Main.storyboard in Resources */ = {isa = PBXBuildFile; fileRef = 241CEC9F18B0E44200B1AAC1 /* Main.storyboard */; };
		241CECA618B0E44200B1AAC1 /* Images.xcassets in Resources */ = {isa = PBXBuildFile; fileRef = 241CECA518B0E44200B1AAC1 /* Images.xcassets */; };
		241CECAD18B0E44200B1AAC1 /* XCTest.framework in Frameworks */ = {isa = PBXBuildFile; fileRef = 241CECAC18B0E44200B1AAC1 /* XCTest.framework */; };
		241CECAE18B0E44200B1AAC1 /* Foundation.framework in Frameworks */ = {isa = PBXBuildFile; fileRef = 241CEC8D18B0E44100B1AAC1 /* Foundation.framework */; };
		241CECAF18B0E44200B1AAC1 /* UIKit.framework in Frameworks */ = {isa = PBXBuildFile; fileRef = 241CEC9118B0E44100B1AAC1 /* UIKit.framework */; };
		241CECB718B0E44200B1AAC1 /* InfoPlist.strings in Resources */ = {isa = PBXBuildFile; fileRef = 241CECB518B0E44200B1AAC1 /* InfoPlist.strings */; };
		241CECB918B0E44200B1AAC1 /* PBBottomNavigationBarTests.m in Sources */ = {isa = PBXBuildFile; fileRef = 241CECB818B0E44200B1AAC1 /* PBBottomNavigationBarTests.m */; };
		241CECC418B0E4C600B1AAC1 /* PBBottomBarNavigationViewController.m in Sources */ = {isa = PBXBuildFile; fileRef = 241CECC318B0E4C600B1AAC1 /* PBBottomBarNavigationViewController.m */; };
		241CECC718B0F87000B1AAC1 /* PlayerViewController.m in Sources */ = {isa = PBXBuildFile; fileRef = 241CECC618B0F87000B1AAC1 /* PlayerViewController.m */; };
		241CECCA18B103A400B1AAC1 /* PBAnimator.m in Sources */ = {isa = PBXBuildFile; fileRef = 241CECC918B103A400B1AAC1 /* PBAnimator.m */; };
/* End PBXBuildFile section */

/* Begin PBXContainerItemProxy section */
		241CECB018B0E44200B1AAC1 /* PBXContainerItemProxy */ = {
			isa = PBXContainerItemProxy;
			containerPortal = 241CEC8218B0E44100B1AAC1 /* Project object */;
			proxyType = 1;
			remoteGlobalIDString = 241CEC8918B0E44100B1AAC1;
			remoteInfo = PBBottomNavigationBar;
		};
/* End PBXContainerItemProxy section */

/* Begin PBXFileReference section */
		241CEC8A18B0E44100B1AAC1 /* PBBottomNavigationBar.app */ = {isa = PBXFileReference; explicitFileType = wrapper.application; includeInIndex = 0; path = PBBottomNavigationBar.app; sourceTree = BUILT_PRODUCTS_DIR; };
		241CEC8D18B0E44100B1AAC1 /* Foundation.framework */ = {isa = PBXFileReference; lastKnownFileType = wrapper.framework; name = Foundation.framework; path = System/Library/Frameworks/Foundation.framework; sourceTree = SDKROOT; };
		241CEC8F18B0E44100B1AAC1 /* CoreGraphics.framework */ = {isa = PBXFileReference; lastKnownFileType = wrapper.framework; name = CoreGraphics.framework; path = System/Library/Frameworks/CoreGraphics.framework; sourceTree = SDKROOT; };
		241CEC9118B0E44100B1AAC1 /* UIKit.framework */ = {isa = PBXFileReference; lastKnownFileType = wrapper.framework; name = UIKit.framework; path = System/Library/Frameworks/UIKit.framework; sourceTree = SDKROOT; };
		241CEC9518B0E44200B1AAC1 /* PBBottomNavigationBar-Info.plist */ = {isa = PBXFileReference; lastKnownFileType = text.plist.xml; path = "PBBottomNavigationBar-Info.plist"; sourceTree = "<group>"; };
		241CEC9718B0E44200B1AAC1 /* en */ = {isa = PBXFileReference; lastKnownFileType = text.plist.strings; name = en; path = en.lproj/InfoPlist.strings; sourceTree = "<group>"; };
		241CEC9918B0E44200B1AAC1 /* main.m */ = {isa = PBXFileReference; lastKnownFileType = sourcecode.c.objc; path = main.m; sourceTree = "<group>"; };
		241CEC9B18B0E44200B1AAC1 /* PBBottomNavigationBar-Prefix.pch */ = {isa = PBXFileReference; lastKnownFileType = sourcecode.c.h; path = "PBBottomNavigationBar-Prefix.pch"; sourceTree = "<group>"; };
		241CEC9C18B0E44200B1AAC1 /* PBAppDelegate.h */ = {isa = PBXFileReference; lastKnownFileType = sourcecode.c.h; path = PBAppDelegate.h; sourceTree = "<group>"; };
		241CEC9D18B0E44200B1AAC1 /* PBAppDelegate.m */ = {isa = PBXFileReference; lastKnownFileType = sourcecode.c.objc; path = PBAppDelegate.m; sourceTree = "<group>"; };
		241CECA018B0E44200B1AAC1 /* Base */ = {isa = PBXFileReference; lastKnownFileType = file.storyboard; name = Base; path = Base.lproj/Main.storyboard; sourceTree = "<group>"; };
		241CECA518B0E44200B1AAC1 /* Images.xcassets */ = {isa = PBXFileReference; lastKnownFileType = folder.assetcatalog; path = Images.xcassets; sourceTree = "<group>"; };
		241CECAB18B0E44200B1AAC1 /* PBBottomNavigationBarTests.xctest */ = {isa = PBXFileReference; explicitFileType = wrapper.cfbundle; includeInIndex = 0; path = PBBottomNavigationBarTests.xctest; sourceTree = BUILT_PRODUCTS_DIR; };
		241CECAC18B0E44200B1AAC1 /* XCTest.framework */ = {isa = PBXFileReference; lastKnownFileType = wrapper.framework; name = XCTest.framework; path = Library/Frameworks/XCTest.framework; sourceTree = DEVELOPER_DIR; };
		241CECB418B0E44200B1AAC1 /* PBBottomNavigationBarTests-Info.plist */ = {isa = PBXFileReference; lastKnownFileType = text.plist.xml; path = "PBBottomNavigationBarTests-Info.plist"; sourceTree = "<group>"; };
		241CECB618B0E44200B1AAC1 /* en */ = {isa = PBXFileReference; lastKnownFileType = text.plist.strings; name = en; path = en.lproj/InfoPlist.strings; sourceTree = "<group>"; };
		241CECB818B0E44200B1AAC1 /* PBBottomNavigationBarTests.m */ = {isa = PBXFileReference; lastKnownFileType = sourcecode.c.objc; path = PBBottomNavigationBarTests.m; sourceTree = "<group>"; };
		241CECC218B0E4C600B1AAC1 /* PBBottomBarNavigationViewController.h */ = {isa = PBXFileReference; fileEncoding = 4; lastKnownFileType = sourcecode.c.h; path = PBBottomBarNavigationViewController.h; sourceTree = "<group>"; };
		241CECC318B0E4C600B1AAC1 /* PBBottomBarNavigationViewController.m */ = {isa = PBXFileReference; fileEncoding = 4; lastKnownFileType = sourcecode.c.objc; path = PBBottomBarNavigationViewController.m; sourceTree = "<group>"; };
		241CECC518B0F87000B1AAC1 /* PlayerViewController.h */ = {isa = PBXFileReference; fileEncoding = 4; lastKnownFileType = sourcecode.c.h; path = PlayerViewController.h; sourceTree = "<group>"; };
		241CECC618B0F87000B1AAC1 /* PlayerViewController.m */ = {isa = PBXFileReference; fileEncoding = 4; lastKnownFileType = sourcecode.c.objc; path = PlayerViewController.m; sourceTree = "<group>"; };
		241CECC818B103A400B1AAC1 /* PBAnimator.h */ = {isa = PBXFileReference; fileEncoding = 4; lastKnownFileType = sourcecode.c.h; path = PBAnimator.h; sourceTree = "<group>"; };
		241CECC918B103A400B1AAC1 /* PBAnimator.m */ = {isa = PBXFileReference; fileEncoding = 4; lastKnownFileType = sourcecode.c.objc; path = PBAnimator.m; sourceTree = "<group>"; };
/* End PBXFileReference section */

/* Begin PBXFrameworksBuildPhase section */
		241CEC8718B0E44100B1AAC1 /* Frameworks */ = {
			isa = PBXFrameworksBuildPhase;
			buildActionMask = 2147483647;
			files = (
				241CEC9018B0E44100B1AAC1 /* CoreGraphics.framework in Frameworks */,
				241CEC9218B0E44100B1AAC1 /* UIKit.framework in Frameworks */,
				241CEC8E18B0E44100B1AAC1 /* Foundation.framework in Frameworks */,
			);
			runOnlyForDeploymentPostprocessing = 0;
		};
		241CECA818B0E44200B1AAC1 /* Frameworks */ = {
			isa = PBXFrameworksBuildPhase;
			buildActionMask = 2147483647;
			files = (
				241CECAD18B0E44200B1AAC1 /* XCTest.framework in Frameworks */,
				241CECAF18B0E44200B1AAC1 /* UIKit.framework in Frameworks */,
				241CECAE18B0E44200B1AAC1 /* Foundation.framework in Frameworks */,
			);
			runOnlyForDeploymentPostprocessing = 0;
		};
/* End PBXFrameworksBuildPhase section */

/* Begin PBXGroup section */
		241CEC8118B0E44100B1AAC1 = {
			isa = PBXGroup;
			children = (
				241CEC9318B0E44200B1AAC1 /* PBBottomNavigationBar */,
				241CECB218B0E44200B1AAC1 /* PBBottomNavigationBarTests */,
				241CEC8C18B0E44100B1AAC1 /* Frameworks */,
				241CEC8B18B0E44100B1AAC1 /* Products */,
			);
			sourceTree = "<group>";
		};
		241CEC8B18B0E44100B1AAC1 /* Products */ = {
			isa = PBXGroup;
			children = (
				241CEC8A18B0E44100B1AAC1 /* PBBottomNavigationBar.app */,
				241CECAB18B0E44200B1AAC1 /* PBBottomNavigationBarTests.xctest */,
			);
			name = Products;
			sourceTree = "<group>";
		};
		241CEC8C18B0E44100B1AAC1 /* Frameworks */ = {
			isa = PBXGroup;
			children = (
				241CEC8D18B0E44100B1AAC1 /* Foundation.framework */,
				241CEC8F18B0E44100B1AAC1 /* CoreGraphics.framework */,
				241CEC9118B0E44100B1AAC1 /* UIKit.framework */,
				241CECAC18B0E44200B1AAC1 /* XCTest.framework */,
			);
			name = Frameworks;
			sourceTree = "<group>";
		};
		241CEC9318B0E44200B1AAC1 /* PBBottomNavigationBar */ = {
			isa = PBXGroup;
			children = (
				241CEC9C18B0E44200B1AAC1 /* PBAppDelegate.h */,
				241CEC9D18B0E44200B1AAC1 /* PBAppDelegate.m */,
				241CEC9F18B0E44200B1AAC1 /* Main.storyboard */,
				241CECC518B0F87000B1AAC1 /* PlayerViewController.h */,
				241CECC618B0F87000B1AAC1 /* PlayerViewController.m */,
				241CECC218B0E4C600B1AAC1 /* PBBottomBarNavigationViewController.h */,
				241CECC318B0E4C600B1AAC1 /* PBBottomBarNavigationViewController.m */,
				241CECC818B103A400B1AAC1 /* PBAnimator.h */,
				241CECC918B103A400B1AAC1 /* PBAnimator.m */,
				241CECA518B0E44200B1AAC1 /* Images.xcassets */,
				241CEC9418B0E44200B1AAC1 /* Supporting Files */,
			);
			path = PBBottomNavigationBar;
			sourceTree = "<group>";
		};
		241CEC9418B0E44200B1AAC1 /* Supporting Files */ = {
			isa = PBXGroup;
			children = (
				241CEC9518B0E44200B1AAC1 /* PBBottomNavigationBar-Info.plist */,
				241CEC9618B0E44200B1AAC1 /* InfoPlist.strings */,
				241CEC9918B0E44200B1AAC1 /* main.m */,
				241CEC9B18B0E44200B1AAC1 /* PBBottomNavigationBar-Prefix.pch */,
			);
			name = "Supporting Files";
			sourceTree = "<group>";
		};
		241CECB218B0E44200B1AAC1 /* PBBottomNavigationBarTests */ = {
			isa = PBXGroup;
			children = (
				241CECB818B0E44200B1AAC1 /* PBBottomNavigationBarTests.m */,
				241CECB318B0E44200B1AAC1 /* Supporting Files */,
			);
			path = PBBottomNavigationBarTests;
			sourceTree = "<group>";
		};
		241CECB318B0E44200B1AAC1 /* Supporting Files */ = {
			isa = PBXGroup;
			children = (
				241CECB418B0E44200B1AAC1 /* PBBottomNavigationBarTests-Info.plist */,
				241CECB518B0E44200B1AAC1 /* InfoPlist.strings */,
			);
			name = "Supporting Files";
			sourceTree = "<group>";
		};
/* End PBXGroup section */

/* Begin PBXNativeTarget section */
		241CEC8918B0E44100B1AAC1 /* PBBottomNavigationBar */ = {
			isa = PBXNativeTarget;
			buildConfigurationList = 241CECBC18B0E44200B1AAC1 /* Build configuration list for PBXNativeTarget "PBBottomNavigationBar" */;
			buildPhases = (
				241CEC8618B0E44100B1AAC1 /* Sources */,
				241CEC8718B0E44100B1AAC1 /* Frameworks */,
				241CEC8818B0E44100B1AAC1 /* Resources */,
			);
			buildRules = (
			);
			dependencies = (
			);
			name = PBBottomNavigationBar;
			productName = PBBottomNavigationBar;
			productReference = 241CEC8A18B0E44100B1AAC1 /* PBBottomNavigationBar.app */;
			productType = "com.apple.product-type.application";
		};
		241CECAA18B0E44200B1AAC1 /* PBBottomNavigationBarTests */ = {
			isa = PBXNativeTarget;
			buildConfigurationList = 241CECBF18B0E44200B1AAC1 /* Build configuration list for PBXNativeTarget "PBBottomNavigationBarTests" */;
			buildPhases = (
				241CECA718B0E44200B1AAC1 /* Sources */,
				241CECA818B0E44200B1AAC1 /* Frameworks */,
				241CECA918B0E44200B1AAC1 /* Resources */,
			);
			buildRules = (
			);
			dependencies = (
				241CECB118B0E44200B1AAC1 /* PBXTargetDependency */,
			);
			name = PBBottomNavigationBarTests;
			productName = PBBottomNavigationBarTests;
			productReference = 241CECAB18B0E44200B1AAC1 /* PBBottomNavigationBarTests.xctest */;
			productType = "com.apple.product-type.bundle.unit-test";
		};
/* End PBXNativeTarget section */

/* Begin PBXProject section */
		241CEC8218B0E44100B1AAC1 /* Project object */ = {
			isa = PBXProject;
			attributes = {
				CLASSPREFIX = PB;
				LastUpgradeCheck = 0510;
				ORGANIZATIONNAME = "Piotr Bernad";
				TargetAttributes = {
					241CECAA18B0E44200B1AAC1 = {
						TestTargetID = 241CEC8918B0E44100B1AAC1;
					};
				};
			};
			buildConfigurationList = 241CEC8518B0E44100B1AAC1 /* Build configuration list for PBXProject "PBBottomNavigationBar" */;
			compatibilityVersion = "Xcode 3.2";
			developmentRegion = English;
			hasScannedForEncodings = 0;
			knownRegions = (
				en,
				Base,
			);
			mainGroup = 241CEC8118B0E44100B1AAC1;
			productRefGroup = 241CEC8B18B0E44100B1AAC1 /* Products */;
			projectDirPath = "";
			projectRoot = "";
			targets = (
				241CEC8918B0E44100B1AAC1 /* PBBottomNavigationBar */,
				241CECAA18B0E44200B1AAC1 /* PBBottomNavigationBarTests */,
			);
		};
/* End PBXProject section */

/* Begin PBXResourcesBuildPhase section */
		241CEC8818B0E44100B1AAC1 /* Resources */ = {
			isa = PBXResourcesBuildPhase;
			buildActionMask = 2147483647;
			files = (
				241CECA618B0E44200B1AAC1 /* Images.xcassets in Resources */,
				241CEC9818B0E44200B1AAC1 /* InfoPlist.strings in Resources */,
				241CECA118B0E44200B1AAC1 /* Main.storyboard in Resources */,
			);
			runOnlyForDeploymentPostprocessing = 0;
		};
		241CECA918B0E44200B1AAC1 /* Resources */ = {
			isa = PBXResourcesBuildPhase;
			buildActionMask = 2147483647;
			files = (
				241CECB718B0E44200B1AAC1 /* InfoPlist.strings in Resources */,
			);
			runOnlyForDeploymentPostprocessing = 0;
		};
/* End PBXResourcesBuildPhase section */

/* Begin PBXSourcesBuildPhase section */
		241CEC8618B0E44100B1AAC1 /* Sources */ = {
			isa = PBXSourcesBuildPhase;
			buildActionMask = 2147483647;
			files = (
				241CEC9E18B0E44200B1AAC1 /* PBAppDelegate.m in Sources */,
				241CEC9A18B0E44200B1AAC1 /* main.m in Sources */,
				241CECC418B0E4C600B1AAC1 /* PBBottomBarNavigationViewController.m in Sources */,
				241CECC718B0F87000B1AAC1 /* PlayerViewController.m in Sources */,
				241CECCA18B103A400B1AAC1 /* PBAnimator.m in Sources */,
			);
			runOnlyForDeploymentPostprocessing = 0;
		};
		241CECA718B0E44200B1AAC1 /* Sources */ = {
			isa = PBXSourcesBuildPhase;
			buildActionMask = 2147483647;
			files = (
				241CECB918B0E44200B1AAC1 /* PBBottomNavigationBarTests.m in Sources */,
			);
			runOnlyForDeploymentPostprocessing = 0;
		};
/* End PBXSourcesBuildPhase section */

/* Begin PBXTargetDependency section */
		241CECB118B0E44200B1AAC1 /* PBXTargetDependency */ = {
			isa = PBXTargetDependency;
			target = 241CEC8918B0E44100B1AAC1 /* PBBottomNavigationBar */;
			targetProxy = 241CECB018B0E44200B1AAC1 /* PBXContainerItemProxy */;
		};
/* End PBXTargetDependency section */

/* Begin PBXVariantGroup section */
		241CEC9618B0E44200B1AAC1 /* InfoPlist.strings */ = {
			isa = PBXVariantGroup;
			children = (
				241CEC9718B0E44200B1AAC1 /* en */,
			);
			name = InfoPlist.strings;
			sourceTree = "<group>";
		};
		241CEC9F18B0E44200B1AAC1 /* Main.storyboard */ = {
			isa = PBXVariantGroup;
			children = (
				241CECA018B0E44200B1AAC1 /* Base */,
			);
			name = Main.storyboard;
			sourceTree = "<group>";
		};
		241CECB518B0E44200B1AAC1 /* InfoPlist.strings */ = {
			isa = PBXVariantGroup;
			children = (
				241CECB618B0E44200B1AAC1 /* en */,
			);
			name = InfoPlist.strings;
			sourceTree = "<group>";
		};
/* End PBXVariantGroup section */

/* Begin XCBuildConfiguration section */
		241CECBA18B0E44200B1AAC1 /* Debug */ = {
			isa = XCBuildConfiguration;
			buildSettings = {
				ALWAYS_SEARCH_USER_PATHS = NO;
				CLANG_CXX_LANGUAGE_STANDARD = "gnu++0x";
				CLANG_CXX_LIBRARY = "libc++";
				CLANG_ENABLE_MODULES = YES;
				CLANG_ENABLE_OBJC_ARC = YES;
				CLANG_WARN_BOOL_CONVERSION = YES;
				CLANG_WARN_CONSTANT_CONVERSION = YES;
				CLANG_WARN_DIRECT_OBJC_ISA_USAGE = YES_ERROR;
				CLANG_WARN_EMPTY_BODY = YES;
				CLANG_WARN_ENUM_CONVERSION = YES;
				CLANG_WARN_INT_CONVERSION = YES;
				CLANG_WARN_OBJC_ROOT_CLASS = YES_ERROR;
				CLANG_WARN__DUPLICATE_METHOD_MATCH = YES;
				"CODE_SIGN_IDENTITY[sdk=iphoneos*]" = "iPhone Developer";
				COPY_PHASE_STRIP = NO;
				GCC_C_LANGUAGE_STANDARD = gnu99;
				GCC_DYNAMIC_NO_PIC = NO;
				GCC_OPTIMIZATION_LEVEL = 0;
				GCC_PREPROCESSOR_DEFINITIONS = (
					"DEBUG=1",
					"$(inherited)",
				);
				GCC_SYMBOLS_PRIVATE_EXTERN = NO;
				GCC_WARN_64_TO_32_BIT_CONVERSION = YES;
				GCC_WARN_ABOUT_RETURN_TYPE = YES_ERROR;
				GCC_WARN_UNDECLARED_SELECTOR = YES;
				GCC_WARN_UNINITIALIZED_AUTOS = YES_AGGRESSIVE;
				GCC_WARN_UNUSED_FUNCTION = YES;
				GCC_WARN_UNUSED_VARIABLE = YES;
				IPHONEOS_DEPLOYMENT_TARGET = 7.1;
				ONLY_ACTIVE_ARCH = YES;
				SDKROOT = iphoneos;
			};
			name = Debug;
		};
		241CECBB18B0E44200B1AAC1 /* Release */ = {
			isa = XCBuildConfiguration;
			buildSettings = {
				ALWAYS_SEARCH_USER_PATHS = NO;
				CLANG_CXX_LANGUAGE_STANDARD = "gnu++0x";
				CLANG_CXX_LIBRARY = "libc++";
				CLANG_ENABLE_MODULES = YES;
				CLANG_ENABLE_OBJC_ARC = YES;
				CLANG_WARN_BOOL_CONVERSION = YES;
				CLANG_WARN_CONSTANT_CONVERSION = YES;
				CLANG_WARN_DIRECT_OBJC_ISA_USAGE = YES_ERROR;
				CLANG_WARN_EMPTY_BODY = YES;
				CLANG_WARN_ENUM_CONVERSION = YES;
				CLANG_WARN_INT_CONVERSION = YES;
				CLANG_WARN_OBJC_ROOT_CLASS = YES_ERROR;
				CLANG_WARN__DUPLICATE_METHOD_MATCH = YES;
				"CODE_SIGN_IDENTITY[sdk=iphoneos*]" = "iPhone Developer";
				COPY_PHASE_STRIP = YES;
				ENABLE_NS_ASSERTIONS = NO;
				GCC_C_LANGUAGE_STANDARD = gnu99;
				GCC_WARN_64_TO_32_BIT_CONVERSION = YES;
				GCC_WARN_ABOUT_RETURN_TYPE = YES_ERROR;
				GCC_WARN_UNDECLARED_SELECTOR = YES;
				GCC_WARN_UNINITIALIZED_AUTOS = YES_AGGRESSIVE;
				GCC_WARN_UNUSED_FUNCTION = YES;
				GCC_WARN_UNUSED_VARIABLE = YES;
				IPHONEOS_DEPLOYMENT_TARGET = 7.1;
				SDKROOT = iphoneos;
				VALIDATE_PRODUCT = YES;
			};
			name = Release;
		};
		241CECBD18B0E44200B1AAC1 /* Debug */ = {
			isa = XCBuildConfiguration;
			buildSettings = {
				ASSETCATALOG_COMPILER_APPICON_NAME = AppIcon;
				ASSETCATALOG_COMPILER_LAUNCHIMAGE_NAME = LaunchImage;
				GCC_PRECOMPILE_PREFIX_HEADER = YES;
				GCC_PREFIX_HEADER = "PBBottomNavigationBar/PBBottomNavigationBar-Prefix.pch";
				INFOPLIST_FILE = "PBBottomNavigationBar/PBBottomNavigationBar-Info.plist";
				PRODUCT_NAME = "$(TARGET_NAME)";
				WRAPPER_EXTENSION = app;
			};
			name = Debug;
		};
		241CECBE18B0E44200B1AAC1 /* Release */ = {
			isa = XCBuildConfiguration;
			buildSettings = {
				ASSETCATALOG_COMPILER_APPICON_NAME = AppIcon;
				ASSETCATALOG_COMPILER_LAUNCHIMAGE_NAME = LaunchImage;
				GCC_PRECOMPILE_PREFIX_HEADER = YES;
				GCC_PREFIX_HEADER = "PBBottomNavigationBar/PBBottomNavigationBar-Prefix.pch";
				INFOPLIST_FILE = "PBBottomNavigationBar/PBBottomNavigationBar-Info.plist";
				PRODUCT_NAME = "$(TARGET_NAME)";
				WRAPPER_EXTENSION = app;
			};
			name = Release;
		};
		241CECC018B0E44200B1AAC1 /* Debug */ = {
			isa = XCBuildConfiguration;
			buildSettings = {
				BUNDLE_LOADER = "$(BUILT_PRODUCTS_DIR)/PBBottomNavigationBar.app/PBBottomNavigationBar";
				FRAMEWORK_SEARCH_PATHS = (
					"$(SDKROOT)/Developer/Library/Frameworks",
					"$(inherited)",
					"$(DEVELOPER_FRAMEWORKS_DIR)",
				);
				GCC_PRECOMPILE_PREFIX_HEADER = YES;
				GCC_PREFIX_HEADER = "PBBottomNavigationBar/PBBottomNavigationBar-Prefix.pch";
				GCC_PREPROCESSOR_DEFINITIONS = (
					"DEBUG=1",
					"$(inherited)",
				);
				INFOPLIST_FILE = "PBBottomNavigationBarTests/PBBottomNavigationBarTests-Info.plist";
				PRODUCT_NAME = "$(TARGET_NAME)";
				TEST_HOST = "$(BUNDLE_LOADER)";
				WRAPPER_EXTENSION = xctest;
			};
			name = Debug;
		};
		241CECC118B0E44200B1AAC1 /* Release */ = {
			isa = XCBuildConfiguration;
			buildSettings = {
				BUNDLE_LOADER = "$(BUILT_PRODUCTS_DIR)/PBBottomNavigationBar.app/PBBottomNavigationBar";
				FRAMEWORK_SEARCH_PATHS = (
					"$(SDKROOT)/Developer/Library/Frameworks",
					"$(inherited)",
					"$(DEVELOPER_FRAMEWORKS_DIR)",
				);
				GCC_PRECOMPILE_PREFIX_HEADER = YES;
				GCC_PREFIX_HEADER = "PBBottomNavigationBar/PBBottomNavigationBar-Prefix.pch";
				INFOPLIST_FILE = "PBBottomNavigationBarTests/PBBottomNavigationBarTests-Info.plist";
				PRODUCT_NAME = "$(TARGET_NAME)";
				TEST_HOST = "$(BUNDLE_LOADER)";
				WRAPPER_EXTENSION = xctest;
			};
			name = Release;
		};
/* End XCBuildConfiguration section */

/* Begin XCConfigurationList section */
		241CEC8518B0E44100B1AAC1 /* Build configuration list for PBXProject "PBBottomNavigationBar" */ = {
			isa = XCConfigurationList;
			buildConfigurations = (
				241CECBA18B0E44200B1AAC1 /* Debug */,
				241CECBB18B0E44200B1AAC1 /* Release */,
			);
			defaultConfigurationIsVisible = 0;
			defaultConfigurationName = Release;
		};
		241CECBC18B0E44200B1AAC1 /* Build configuration list for PBXNativeTarget "PBBottomNavigationBar" */ = {
			isa = XCConfigurationList;
			buildConfigurations = (
				241CECBD18B0E44200B1AAC1 /* Debug */,
				241CECBE18B0E44200B1AAC1 /* Release */,
			);
			defaultConfigurationIsVisible = 0;
		};
		241CECBF18B0E44200B1AAC1 /* Build configuration list for PBXNativeTarget "PBBottomNavigationBarTests" */ = {
			isa = XCConfigurationList;
			buildConfigurations = (
				241CECC018B0E44200B1AAC1 /* Debug */,
				241CECC118B0E44200B1AAC1 /* Release */,
			);
			defaultConfigurationIsVisible = 0;
		};
/* End XCConfigurationList section */
	};
	rootObject = 241CEC8218B0E44100B1AAC1 /* Project object */;
}
